
Microsoft Visual Studio Solution File, Format Version 12.00
# Visual Studio Version 16
VisualStudioVersion = 16.0.29806.167
MinimumVisualStudioVersion = 10.0.40219.1
Project("{8BC9CEB8-8B4A-11D0-8D11-00A0C91BC942}") = "FS_A", "FS_A.vcxproj", "{920F8937-8C48-490B-AA46-E66972158161}"
EndProject
Project("{8BC9CEB8-8B4A-11D0-8D11-00A0C91BC942}") = "XS_A", "..\XS_A\XS_A.vcxproj", "{A08750E9-6146-46EA-A27B-51CEF24AFE1D}"
EndProject
Project("{8BC9CEB8-8B4A-11D0-8D11-00A0C91BC942}") = "D_SJX", "..\D_SJX\D_SJX.vcxproj", "{0CF27753-A068-4F5E-9E34-27828BE9CB1A}"
EndProject
Project("{8BC9CEB8-8B4A-11D0-8D11-00A0C91BC942}") = "YLS", "..\YLS\YLS.vcxproj", "{EA26565D-D056-4296-9B6D-3F6A6FC33FA9}"
EndProject
Project("{8BC9CEB8-8B4A-11D0-8D11-00A0C91BC942}") = "ZJ", "..\ZJ\ZJ.vcxproj", "{F0986FC9-F3D2-41E2-B68C-E739DA8AD600}"
EndProject
Project("{8BC9CEB8-8B4A-11D0-8D11-00A0C91BC942}") = "Y_YZT", "..\Y_YZT\Y_YZT.vcxproj", "{9725C051-E6C7-43A5-B669-4F8DBB032CA7}"
EndProject
Project("{8BC9CEB8-8B4A-11D0-8D11-00A0C91BC942}") = "TYBDX", "..\TYBDX\TYBDX.vcxproj", "{90617B7D-7AEC-4761-9523-2CC17589F95F}"
EndProject
Project("{8BC9CEB8-8B4A-11D0-8D11-00A0C91BC942}") = "PMTX", "..\PMTX\PMTX.vcxproj", "{07E5EAC5-5287-4BF4-BFE3-7D9E465EB7CC}"
EndProject
Project("{8BC9CEB8-8B4A-11D0-8D11-00A0C91BC942}") = "StaticLib", "..\StaticLib\StaticLib.vcxproj", "{30414535-712A-400C-9E35-014A1611A37F}"
EndProject
Project("{8BC9CEB8-8B4A-11D0-8D11-00A0C91BC942}") = "StaticLibTest", "..\Test\Test.vcxproj", "{03DEEA90-A2C2-4220-A8E5-7987CB5A3D7B}"
EndProject
Project("{8BC9CEB8-8B4A-11D0-8D11-00A0C91BC942}") = "Dll", "..\Dll\Dll.vcxproj", "{E27911E8-3614-4CCC-BDBB-7DB58B1CCAD2}"
EndProject
Project("{8BC9CEB8-8B4A-11D0-8D11-00A0C91BC942}") = "DLL_Static_Test", "..\DLL_Static_Test\DLL_Static_Test.vcxproj", "{80F3B8A0-4984-4FEF-A7A7-A91DACCF2461}"
EndProject
Project("{8BC9CEB8-8B4A-11D0-8D11-00A0C91BC942}") = "DLL_Dynamic_Test", "..\DLL_Dynamic_Test\DLL_Dynamic_Test.vcxproj", "{2109C46A-6E1C-47EB-A3D5-39AED18C8597}"
EndProject
Project("{8BC9CEB8-8B4A-11D0-8D11-00A0C91BC942}") = "MFC", "..\MFC\MFC.vcxproj", "{67CC5FA8-6962-4F5C-93DC-A916BDE6A8E8}"
EndProject
Global
	GlobalSection(SolutionConfigurationPlatforms) = preSolution
		Debug|x64 = Debug|x64
		Debug|x86 = Debug|x86
		Release|x64 = Release|x64
		Release|x86 = Release|x86
	EndGlobalSection
	GlobalSection(ProjectConfigurationPlatforms) = postSolution
		{920F8937-8C48-490B-AA46-E66972158161}.Debug|x64.ActiveCfg = Debug|x64
		{920F8937-8C48-490B-AA46-E66972158161}.Debug|x64.Build.0 = Debug|x64
		{920F8937-8C48-490B-AA46-E66972158161}.Debug|x86.ActiveCfg = Debug|Win32
		{920F8937-8C48-490B-AA46-E66972158161}.Debug|x86.Build.0 = Debug|Win32
		{920F8937-8C48-490B-AA46-E66972158161}.Release|x64.ActiveCfg = Release|x64
		{920F8937-8C48-490B-AA46-E66972158161}.Release|x64.Build.0 = Release|x64
		{920F8937-8C48-490B-AA46-E66972158161}.Release|x86.ActiveCfg = Release|Win32
		{920F8937-8C48-490B-AA46-E66972158161}.Release|x86.Build.0 = Release|Win32
		{A08750E9-6146-46EA-A27B-51CEF24AFE1D}.Debug|x64.ActiveCfg = Debug|x64
		{A08750E9-6146-46EA-A27B-51CEF24AFE1D}.Debug|x64.Build.0 = Debug|x64
		{A08750E9-6146-46EA-A27B-51CEF24AFE1D}.Debug|x86.ActiveCfg = Debug|Win32
		{A08750E9-6146-46EA-A27B-51CEF24AFE1D}.Debug|x86.Build.0 = Debug|Win32
		{A08750E9-6146-46EA-A27B-51CEF24AFE1D}.Release|x64.ActiveCfg = Release|x64
		{A08750E9-6146-46EA-A27B-51CEF24AFE1D}.Release|x64.Build.0 = Release|x64
		{A08750E9-6146-46EA-A27B-51CEF24AFE1D}.Release|x86.ActiveCfg = Release|Win32
		{A08750E9-6146-46EA-A27B-51CEF24AFE1D}.Release|x86.Build.0 = Release|Win32
		{0CF27753-A068-4F5E-9E34-27828BE9CB1A}.Debug|x64.ActiveCfg = Debug|x64
		{0CF27753-A068-4F5E-9E34-27828BE9CB1A}.Debug|x64.Build.0 = Debug|x64
		{0CF27753-A068-4F5E-9E34-27828BE9CB1A}.Debug|x86.ActiveCfg = Debug|Win32
		{0CF27753-A068-4F5E-9E34-27828BE9CB1A}.Debug|x86.Build.0 = Debug|Win32
		{0CF27753-A068-4F5E-9E34-27828BE9CB1A}.Release|x64.ActiveCfg = Release|x64
		{0CF27753-A068-4F5E-9E34-27828BE9CB1A}.Release|x64.Build.0 = Release|x64
		{0CF27753-A068-4F5E-9E34-27828BE9CB1A}.Release|x86.ActiveCfg = Release|Win32
		{0CF27753-A068-4F5E-9E34-27828BE9CB1A}.Release|x86.Build.0 = Release|Win32
		{EA26565D-D056-4296-9B6D-3F6A6FC33FA9}.Debug|x64.ActiveCfg = Debug|x64
		{EA26565D-D056-4296-9B6D-3F6A6FC33FA9}.Debug|x64.Build.0 = Debug|x64
		{EA26565D-D056-4296-9B6D-3F6A6FC33FA9}.Debug|x86.ActiveCfg = Debug|Win32
		{EA26565D-D056-4296-9B6D-3F6A6FC33FA9}.Debug|x86.Build.0 = Debug|Win32
		{EA26565D-D056-4296-9B6D-3F6A6FC33FA9}.Release|x64.ActiveCfg = Release|x64
		{EA26565D-D056-4296-9B6D-3F6A6FC33FA9}.Release|x64.Build.0 = Release|x64
		{EA26565D-D056-4296-9B6D-3F6A6FC33FA9}.Release|x86.ActiveCfg = Release|Win32
		{EA26565D-D056-4296-9B6D-3F6A6FC33FA9}.Release|x86.Build.0 = Release|Win32
		{F0986FC9-F3D2-41E2-B68C-E739DA8AD600}.Debug|x64.ActiveCfg = Debug|x64
		{F0986FC9-F3D2-41E2-B68C-E739DA8AD600}.Debug|x64.Build.0 = Debug|x64
		{F0986FC9-F3D2-41E2-B68C-E739DA8AD600}.Debug|x86.ActiveCfg = Debug|Win32
		{F0986FC9-F3D2-41E2-B68C-E739DA8AD600}.Debug|x86.Build.0 = Debug|Win32
		{F0986FC9-F3D2-41E2-B68C-E739DA8AD600}.Release|x64.ActiveCfg = Release|x64
		{F0986FC9-F3D2-41E2-B68C-E739DA8AD600}.Release|x64.Build.0 = Release|x64
		{F0986FC9-F3D2-41E2-B68C-E739DA8AD600}.Release|x86.ActiveCfg = Release|Win32
		{F0986FC9-F3D2-41E2-B68C-E739DA8AD600}.Release|x86.Build.0 = Release|Win32
		{9725C051-E6C7-43A5-B669-4F8DBB032CA7}.Debug|x64.ActiveCfg = Debug|x64
		{9725C051-E6C7-43A5-B669-4F8DBB032CA7}.Debug|x64.Build.0 = Debug|x64
		{9725C051-E6C7-43A5-B669-4F8DBB032CA7}.Debug|x86.ActiveCfg = Debug|Win32
		{9725C051-E6C7-43A5-B669-4F8DBB032CA7}.Debug|x86.Build.0 = Debug|Win32
		{9725C051-E6C7-43A5-B669-4F8DBB032CA7}.Release|x64.ActiveCfg = Release|x64
		{9725C051-E6C7-43A5-B669-4F8DBB032CA7}.Release|x64.Build.0 = Release|x64
		{9725C051-E6C7-43A5-B669-4F8DBB032CA7}.Release|x86.ActiveCfg = Release|Win32
		{9725C051-E6C7-43A5-B669-4F8DBB032CA7}.Release|x86.Build.0 = Release|Win32
		{90617B7D-7AEC-4761-9523-2CC17589F95F}.Debug|x64.ActiveCfg = Debug|x64
		{90617B7D-7AEC-4761-9523-2CC17589F95F}.Debug|x64.Build.0 = Debug|x64
		{90617B7D-7AEC-4761-9523-2CC17589F95F}.Debug|x86.ActiveCfg = Debug|Win32
		{90617B7D-7AEC-4761-9523-2CC17589F95F}.Debug|x86.Build.0 = Debug|Win32
		{90617B7D-7AEC-4761-9523-2CC17589F95F}.Release|x64.ActiveCfg = Release|x64
		{90617B7D-7AEC-4761-9523-2CC17589F95F}.Release|x64.Build.0 = Release|x64
		{90617B7D-7AEC-4761-9523-2CC17589F95F}.Release|x86.ActiveCfg = Release|Win32
		{90617B7D-7AEC-4761-9523-2CC17589F95F}.Release|x86.Build.0 = Release|Win32
		{07E5EAC5-5287-4BF4-BFE3-7D9E465EB7CC}.Debug|x64.ActiveCfg = Debug|x64
		{07E5EAC5-5287-4BF4-BFE3-7D9E465EB7CC}.Debug|x64.Build.0 = Debug|x64
		{07E5EAC5-5287-4BF4-BFE3-7D9E465EB7CC}.Debug|x86.ActiveCfg = Debug|Win32
		{07E5EAC5-5287-4BF4-BFE3-7D9E465EB7CC}.Debug|x86.Build.0 = Debug|Win32
		{07E5EAC5-5287-4BF4-BFE3-7D9E465EB7CC}.Release|x64.ActiveCfg = Release|x64
		{07E5EAC5-5287-4BF4-BFE3-7D9E465EB7CC}.Release|x64.Build.0 = Release|x64
		{07E5EAC5-5287-4BF4-BFE3-7D9E465EB7CC}.Release|x86.ActiveCfg = Release|Win32
		{07E5EAC5-5287-4BF4-BFE3-7D9E465EB7CC}.Release|x86.Build.0 = Release|Win32
		{30414535-712A-400C-9E35-014A1611A37F}.Debug|x64.ActiveCfg = Debug|x64
		{30414535-712A-400C-9E35-014A1611A37F}.Debug|x64.Build.0 = Debug|x64
		{30414535-712A-400C-9E35-014A1611A37F}.Debug|x86.ActiveCfg = Debug|Win32
		{30414535-712A-400C-9E35-014A1611A37F}.Debug|x86.Build.0 = Debug|Win32
		{30414535-712A-400C-9E35-014A1611A37F}.Release|x64.ActiveCfg = Release|x64
		{30414535-712A-400C-9E35-014A1611A37F}.Release|x64.Build.0 = Release|x64
		{30414535-712A-400C-9E35-014A1611A37F}.Release|x86.ActiveCfg = Release|Win32
		{30414535-712A-400C-9E35-014A1611A37F}.Release|x86.Build.0 = Release|Win32
		{03DEEA90-A2C2-4220-A8E5-7987CB5A3D7B}.Debug|x64.ActiveCfg = Debug|x64
		{03DEEA90-A2C2-4220-A8E5-7987CB5A3D7B}.Debug|x64.Build.0 = Debug|x64
		{03DEEA90-A2C2-4220-A8E5-7987CB5A3D7B}.Debug|x86.ActiveCfg = Debug|Win32
		{03DEEA90-A2C2-4220-A8E5-7987CB5A3D7B}.Debug|x86.Build.0 = Debug|Win32
		{03DEEA90-A2C2-4220-A8E5-7987CB5A3D7B}.Release|x64.ActiveCfg = Release|x64
		{03DEEA90-A2C2-4220-A8E5-7987CB5A3D7B}.Release|x64.Build.0 = Release|x64
		{03DEEA90-A2C2-4220-A8E5-7987CB5A3D7B}.Release|x86.ActiveCfg = Release|Win32
		{03DEEA90-A2C2-4220-A8E5-7987CB5A3D7B}.Release|x86.Build.0 = Release|Win32
		{E27911E8-3614-4CCC-BDBB-7DB58B1CCAD2}.Debug|x64.ActiveCfg = Debug|x64
		{E27911E8-3614-4CCC-BDBB-7DB58B1CCAD2}.Debug|x64.Build.0 = Debug|x64
		{E27911E8-3614-4CCC-BDBB-7DB58B1CCAD2}.Debug|x86.ActiveCfg = Debug|Win32
		{E27911E8-3614-4CCC-BDBB-7DB58B1CCAD2}.Debug|x86.Build.0 = Debug|Win32
		{E27911E8-3614-4CCC-BDBB-7DB58B1CCAD2}.Release|x64.ActiveCfg = Release|x64
		{E27911E8-3614-4CCC-BDBB-7DB58B1CCAD2}.Release|x64.Build.0 = Release|x64
		{E27911E8-3614-4CCC-BDBB-7DB58B1CCAD2}.Release|x86.ActiveCfg = Release|Win32
		{E27911E8-3614-4CCC-BDBB-7DB58B1CCAD2}.Release|x86.Build.0 = Release|Win32
		{80F3B8A0-4984-4FEF-A7A7-A91DACCF2461}.Debug|x64.ActiveCfg = Debug|x64
		{80F3B8A0-4984-4FEF-A7A7-A91DACCF2461}.Debug|x64.Build.0 = Debug|x64
		{80F3B8A0-4984-4FEF-A7A7-A91DACCF2461}.Debug|x86.ActiveCfg = Debug|Win32
		{80F3B8A0-4984-4FEF-A7A7-A91DACCF2461}.Debug|x86.Build.0 = Debug|Win32
		{80F3B8A0-4984-4FEF-A7A7-A91DACCF2461}.Release|x64.ActiveCfg = Release|x64
		{80F3B8A0-4984-4FEF-A7A7-A91DACCF2461}.Release|x64.Build.0 = Release|x64
		{80F3B8A0-4984-4FEF-A7A7-A91DACCF2461}.Release|x86.ActiveCfg = Release|Win32
		{80F3B8A0-4984-4FEF-A7A7-A91DACCF2461}.Release|x86.Build.0 = Release|Win32
		{2109C46A-6E1C-47EB-A3D5-39AED18C8597}.Debug|x64.ActiveCfg = Debug|x64
		{2109C46A-6E1C-47EB-A3D5-39AED18C8597}.Debug|x64.Build.0 = Debug|x64
		{2109C46A-6E1C-47EB-A3D5-39AED18C8597}.Debug|x86.ActiveCfg = Debug|Win32
		{2109C46A-6E1C-47EB-A3D5-39AED18C8597}.Debug|x86.Build.0 = Debug|Win32
		{2109C46A-6E1C-47EB-A3D5-39AED18C8597}.Release|x64.ActiveCfg = Release|x64
		{2109C46A-6E1C-47EB-A3D5-39AED18C8597}.Release|x64.Build.0 = Release|x64
		{2109C46A-6E1C-47EB-A3D5-39AED18C8597}.Release|x86.ActiveCfg = Release|Win32
		{2109C46A-6E1C-47EB-A3D5-39AED18C8597}.Release|x86.Build.0 = Release|Win32
		{67CC5FA8-6962-4F5C-93DC-A916BDE6A8E8}.Debug|x64.ActiveCfg = Debug|x64
		{67CC5FA8-6962-4F5C-93DC-A916BDE6A8E8}.Debug|x64.Build.0 = Debug|x64
		{67CC5FA8-6962-4F5C-93DC-A916BDE6A8E8}.Debug|x86.ActiveCfg = Debug|Win32
		{67CC5FA8-6962-4F5C-93DC-A916BDE6A8E8}.Debug|x86.Build.0 = Debug|Win32
		{67CC5FA8-6962-4F5C-93DC-A916BDE6A8E8}.Release|x64.ActiveCfg = Release|x64
		{67CC5FA8-6962-4F5C-93DC-A916BDE6A8E8}.Release|x64.Build.0 = Release|x64
		{67CC5FA8-6962-4F5C-93DC-A916BDE6A8E8}.Release|x86.ActiveCfg = Release|Win32
		{67CC5FA8-6962-4F5C-93DC-A916BDE6A8E8}.Release|x86.Build.0 = Release|Win32
	EndGlobalSection
	GlobalSection(SolutionProperties) = preSolution
		HideSolutionNode = FALSE
	EndGlobalSection
	GlobalSection(ExtensibilityGlobals) = postSolution
		SolutionGuid = {23BDAC8F-FE93-4546-BE02-B7D0BD9940B6}
	EndGlobalSection
EndGlobal
